{
  "name": "cool-component",
  "version": "1.0.0",
  "lockfileVersion": 1,
  "requires": true,
  "dependencies": {
    "mobile-device-detect": {
      "version": "0.2.3",
      "resolved": "https://registry.npmjs.org/mobile-device-detect/-/mobile-device-detect-0.2.3.tgz",
      "integrity": "sha512-trhb/kQYb05qF2RQJJOa164DPlFHwl+MF3vngV7kUwTrTRgdv8pheWIhWCpabqwxTDaboATsQXTrq7kEiawI7A=="
    }
  }
}
